# This file is automatically @generated by Cargo.
# It is not intended for manual editing.
version = 3

[[package]]
name = "aes"
version = "0.8.3"
source = "registry+https://github.com/rust-lang/crates.io-index"
checksum = "ac1f845298e95f983ff1944b728ae08b8cebab80d684f0a832ed0fc74dfa27e2"
dependencies = [
 "cfg-if",
 "cipher",
 "cpufeatures",
]

[[package]]
name = "anes"
version = "0.1.6"
source = "registry+https://github.com/rust-lang/crates.io-index"
checksum = "4b46cbb362ab8752921c97e041f5e366ee6297bd428a31275b9fcf1e380f7299"

[[package]]
name = "anstyle"
version = "1.0.0"
source = "registry+https://github.com/rust-lang/crates.io-index"
checksum = "41ed9a86bf92ae6580e0a31281f65a1b1d867c0cc68d5346e2ae128dddfa6a7d"

[[package]]
name = "approx"
version = "0.5.1"
source = "registry+https://github.com/rust-lang/crates.io-index"
checksum = "cab112f0a86d568ea0e627cc1d6be74a1e9cd55214684db5561995f6dad897c6"
dependencies = [
 "num-traits",
]

[[package]]
name = "assert_matches"
version = "1.5.0"
source = "registry+https://github.com/rust-lang/crates.io-index"
checksum = "9b34d609dfbaf33d6889b2b7106d3ca345eacad44200913df5ba02bfd31d2ba9"

[[package]]
name = "autocfg"
version = "1.1.0"
source = "registry+https://github.com/rust-lang/crates.io-index"
checksum = "d468802bab17cbc0cc575e9b053f41e72aa36bfa6b7f55e3529ffa43161b97fa"

[[package]]
name = "az"
version = "1.2.1"
source = "registry+https://github.com/rust-lang/crates.io-index"
checksum = "7b7e4c2464d97fe331d41de9d5db0def0a96f4d823b8b32a2efd503578988973"

[[package]]
name = "base64"
version = "0.21.5"
source = "registry+https://github.com/rust-lang/crates.io-index"
checksum = "35636a1494ede3b646cc98f74f8e62c773a38a659ebc777a2cf26b9b74171df9"

[[package]]
name = "bitflags"
version = "1.3.2"
source = "registry+https://github.com/rust-lang/crates.io-index"
checksum = "bef38d45163c2f1dde094a7dfd33ccf595c92905c8f8f4fdc18d06fb1037718a"

[[package]]
name = "bitvec"
version = "1.0.1"
source = "registry+https://github.com/rust-lang/crates.io-index"
checksum = "1bc2832c24239b0141d5674bb9174f9d68a8b5b3f2753311927c172ca46f7e9c"
dependencies = [
 "funty",
 "radium",
 "tap",
 "wyz",
]

[[package]]
name = "block-buffer"
version = "0.10.3"
source = "registry+https://github.com/rust-lang/crates.io-index"
checksum = "69cce20737498f97b993470a6e536b8523f0af7892a4f928cceb1ac5e52ebe7e"
dependencies = [
 "generic-array",
]

[[package]]
name = "bumpalo"
version = "3.11.1"
source = "registry+https://github.com/rust-lang/crates.io-index"
checksum = "572f695136211188308f16ad2ca5c851a712c464060ae6974944458eb83880ba"

[[package]]
name = "bytemuck"
version = "1.12.1"
source = "registry+https://github.com/rust-lang/crates.io-index"
checksum = "2f5715e491b5a1598fc2bef5a606847b5dc1d48ea625bd3c02c00de8285591da"

[[package]]
name = "byteorder"
version = "1.5.0"
source = "registry+https://github.com/rust-lang/crates.io-index"
checksum = "1fd0f2584146f6f2ef48085050886acf353beff7305ebd1ae69500e27c67f64b"

[[package]]
name = "cast"
version = "0.3.0"
source = "registry+https://github.com/rust-lang/crates.io-index"
checksum = "37b2a672a2cb129a2e41c10b1224bb368f9f37a2b16b612598138befd7b37eb5"

[[package]]
name = "cc"
version = "1.0.73"
source = "registry+https://github.com/rust-lang/crates.io-index"
checksum = "2fff2a6927b3bb87f9595d67196a70493f627687a71d87a0d692242c33f58c11"

[[package]]
name = "cfg-if"
version = "1.0.0"
source = "registry+https://github.com/rust-lang/crates.io-index"
checksum = "baf1de4339761588bc0619e3cbc0120ee582ebb74b53b4efbf79117bd2da40fd"

[[package]]
name = "ciborium"
version = "0.2.0"
source = "registry+https://github.com/rust-lang/crates.io-index"
checksum = "b0c137568cc60b904a7724001b35ce2630fd00d5d84805fbb608ab89509d788f"
dependencies = [
 "ciborium-io",
 "ciborium-ll",
 "serde",
]

[[package]]
name = "ciborium-io"
version = "0.2.0"
source = "registry+https://github.com/rust-lang/crates.io-index"
checksum = "346de753af073cc87b52b2083a506b38ac176a44cfb05497b622e27be899b369"

[[package]]
name = "ciborium-ll"
version = "0.2.0"
source = "registry+https://github.com/rust-lang/crates.io-index"
checksum = "213030a2b5a4e0c0892b6652260cf6ccac84827b83a85a534e178e3906c4cf1b"
dependencies = [
 "ciborium-io",
 "half 1.8.2",
]

[[package]]
name = "cipher"
version = "0.4.3"
source = "registry+https://github.com/rust-lang/crates.io-index"
checksum = "d1873270f8f7942c191139cb8a40fd228da6c3fd2fc376d7e92d47aa14aeb59e"
dependencies = [
 "crypto-common",
 "inout",
]

[[package]]
name = "clap"
version = "4.3.0"
source = "registry+https://github.com/rust-lang/crates.io-index"
checksum = "93aae7a4192245f70fe75dd9157fc7b4a5bf53e88d30bd4396f7d8f9284d5acc"
dependencies = [
 "clap_builder",
]

[[package]]
name = "clap_builder"
version = "4.3.0"
source = "registry+https://github.com/rust-lang/crates.io-index"
checksum = "4f423e341edefb78c9caba2d9c7f7687d0e72e89df3ce3394554754393ac3990"
dependencies = [
 "anstyle",
 "bitflags",
 "clap_lex",
]

[[package]]
name = "clap_lex"
version = "0.5.0"
source = "registry+https://github.com/rust-lang/crates.io-index"
checksum = "2da6da31387c7e4ef160ffab6d5e7f00c42626fe39aea70a7b0f1773f7dd6c1b"

[[package]]
name = "cpufeatures"
version = "0.2.5"
source = "registry+https://github.com/rust-lang/crates.io-index"
checksum = "28d997bd5e24a5928dd43e46dc529867e207907fe0b239c3477d924f7f2ca320"
dependencies = [
 "libc",
]

[[package]]
name = "criterion"
version = "0.5.1"
source = "registry+https://github.com/rust-lang/crates.io-index"
checksum = "f2b12d017a929603d80db1831cd3a24082f8137ce19c69e6447f54f5fc8d692f"
dependencies = [
 "anes",
 "cast",
 "ciborium",
 "clap",
 "criterion-plot",
 "is-terminal",
 "itertools 0.10.5",
 "num-traits",
 "once_cell",
 "oorandom",
 "plotters",
 "rayon",
 "regex",
 "serde",
 "serde_derive",
 "serde_json",
 "tinytemplate",
 "walkdir",
]

[[package]]
name = "criterion-plot"
version = "0.5.0"
source = "registry+https://github.com/rust-lang/crates.io-index"
checksum = "6b50826342786a51a89e2da3a28f1c32b06e387201bc2d19791f622c673706b1"
dependencies = [
 "cast",
 "itertools 0.10.5",
]

[[package]]
name = "crossbeam-deque"
version = "0.8.2"
source = "registry+https://github.com/rust-lang/crates.io-index"
checksum = "715e8152b692bba2d374b53d4875445368fdf21a94751410af607a5ac677d1fc"
dependencies = [
 "cfg-if",
 "crossbeam-epoch",
 "crossbeam-utils",
]

[[package]]
name = "crossbeam-epoch"
version = "0.9.10"
source = "registry+https://github.com/rust-lang/crates.io-index"
checksum = "045ebe27666471bb549370b4b0b3e51b07f56325befa4284db65fc89c02511b1"
dependencies = [
 "autocfg",
 "cfg-if",
 "crossbeam-utils",
 "memoffset",
 "once_cell",
 "scopeguard",
]

[[package]]
name = "crossbeam-utils"
version = "0.8.11"
source = "registry+https://github.com/rust-lang/crates.io-index"
checksum = "51887d4adc7b564537b15adcfb307936f8075dfcd5f00dde9a9f1d29383682bc"
dependencies = [
 "cfg-if",
 "once_cell",
]

[[package]]
name = "crunchy"
version = "0.2.2"
source = "registry+https://github.com/rust-lang/crates.io-index"
checksum = "7a81dae078cea95a014a339291cec439d2f232ebe854a9d672b796c6afafa9b7"

[[package]]
name = "crypto-common"
version = "0.1.6"
source = "registry+https://github.com/rust-lang/crates.io-index"
checksum = "1bfb12502f3fc46cca1bb51ac28df9d618d813cdc3d2f25b9fe775a34af26bb3"
dependencies = [
 "generic-array",
 "typenum",
]

[[package]]
name = "ctr"
version = "0.9.2"
source = "registry+https://github.com/rust-lang/crates.io-index"
checksum = "0369ee1ad671834580515889b80f2ea915f23b8be8d0daa4bbaf2ac5c7590835"
dependencies = [
 "cipher",
]

[[package]]
name = "digest"
version = "0.10.7"
source = "registry+https://github.com/rust-lang/crates.io-index"
checksum = "9ed9a281f7bc9b7576e61468ba615a66a5c8cfdff42420a70aa82701a3b1e292"
dependencies = [
 "block-buffer",
 "crypto-common",
 "subtle",
]

[[package]]
name = "either"
version = "1.8.0"
source = "registry+https://github.com/rust-lang/crates.io-index"
checksum = "90e5c1c8368803113bf0c9584fc495a58b86dc8a29edbf8fe877d21d9507e797"

[[package]]
name = "errno"
version = "0.3.1"
source = "registry+https://github.com/rust-lang/crates.io-index"
checksum = "4bcfec3a70f97c962c307b2d2c56e358cf1d00b558d74262b5f929ee8cc7e73a"
dependencies = [
 "errno-dragonfly",
 "libc",
 "windows-sys",
]

[[package]]
name = "errno-dragonfly"
version = "0.1.2"
source = "registry+https://github.com/rust-lang/crates.io-index"
checksum = "aa68f1b12764fab894d2755d2518754e71b4fd80ecfb822714a1206c2aab39bf"
dependencies = [
 "cc",
 "libc",
]

[[package]]
name = "fiat-crypto"
version = "0.2.2"
source = "registry+https://github.com/rust-lang/crates.io-index"
checksum = "a481586acf778f1b1455424c343f71124b048ffa5f4fc3f8f6ae9dc432dcb3c7"

[[package]]
name = "fixed"
version = "1.23.1"
source = "registry+https://github.com/rust-lang/crates.io-index"
checksum = "79386fdcec5e0fde91b1a6a5bcd89677d1f9304f7f986b154a1b9109038854d9"
dependencies = [
 "az",
 "bytemuck",
 "half 2.1.0",
 "typenum",
]

[[package]]
name = "fixed-macro"
version = "1.2.0"
source = "registry+https://github.com/rust-lang/crates.io-index"
checksum = "1fd0c48af8cb14e02868f449f8a2187bd78af7a08da201fdc78d518ecb1675bc"
dependencies = [
 "fixed",
 "fixed-macro-impl",
 "fixed-macro-types",
]

[[package]]
name = "fixed-macro-impl"
version = "1.2.0"
source = "registry+https://github.com/rust-lang/crates.io-index"
checksum = "c93086f471c0a1b9c5e300ea92f5cd990ac6d3f8edf27616ef624b8fa6402d4b"
dependencies = [
 "fixed",
 "paste",
 "proc-macro-error",
 "proc-macro2",
 "quote",
 "syn 1.0.104",
]

[[package]]
name = "fixed-macro-types"
version = "1.2.0"
source = "registry+https://github.com/rust-lang/crates.io-index"
checksum = "044a61b034a2264a7f65aa0c3cd112a01b4d4ee58baace51fead3f21b993c7e4"
dependencies = [
 "fixed",
 "fixed-macro-impl",
]

[[package]]
name = "funty"
version = "2.0.0"
source = "registry+https://github.com/rust-lang/crates.io-index"
checksum = "e6d5a32815ae3f33302d95fdcb2ce17862f8c65363dcfd29360480ba1001fc9c"

[[package]]
name = "generic-array"
version = "0.14.6"
source = "registry+https://github.com/rust-lang/crates.io-index"
checksum = "bff49e947297f3312447abdca79f45f4738097cc82b06e72054d2223f601f1b9"
dependencies = [
 "typenum",
 "version_check",
]

[[package]]
name = "getrandom"
version = "0.2.11"
source = "registry+https://github.com/rust-lang/crates.io-index"
checksum = "fe9006bed769170c11f845cf00c7c1e9092aeb3f268e007c3e760ac68008070f"
dependencies = [
 "cfg-if",
 "libc",
 "wasi",
]

[[package]]
name = "half"
version = "1.8.2"
source = "registry+https://github.com/rust-lang/crates.io-index"
checksum = "eabb4a44450da02c90444cf74558da904edde8fb4e9035a9a6a4e15445af0bd7"

[[package]]
name = "half"
version = "2.1.0"
source = "registry+https://github.com/rust-lang/crates.io-index"
checksum = "ad6a9459c9c30b177b925162351f97e7d967c7ea8bab3b8352805327daf45554"
dependencies = [
 "crunchy",
]

[[package]]
name = "hermit-abi"
version = "0.3.1"
source = "registry+https://github.com/rust-lang/crates.io-index"
checksum = "fed44880c466736ef9a5c5b5facefb5ed0785676d0c02d612db14e54f0d84286"

[[package]]
name = "hex"
version = "0.4.3"
source = "registry+https://github.com/rust-lang/crates.io-index"
checksum = "7f24254aa9a54b5c858eaee2f5bccdb46aaf0e486a595ed5fd8f86ba55232a70"
dependencies = [
 "serde",
]

[[package]]
name = "hex-literal"
version = "0.4.1"
source = "registry+https://github.com/rust-lang/crates.io-index"
checksum = "6fe2267d4ed49bc07b63801559be28c718ea06c4738b7a03c94df7386d2cde46"

[[package]]
name = "hmac"
version = "0.12.1"
source = "registry+https://github.com/rust-lang/crates.io-index"
checksum = "6c49c37c09c17a53d937dfbb742eb3a961d65a994e6bcdcf37e7399d0cc8ab5e"
dependencies = [
 "digest",
]

[[package]]
name = "iai"
version = "0.1.1"
source = "registry+https://github.com/rust-lang/crates.io-index"
checksum = "71a816c97c42258aa5834d07590b718b4c9a598944cd39a52dc25b351185d678"

[[package]]
name = "inout"
version = "0.1.3"
source = "registry+https://github.com/rust-lang/crates.io-index"
checksum = "a0c10553d664a4d0bcff9f4215d0aac67a639cc68ef660840afe309b807bc9f5"
dependencies = [
 "generic-array",
]

[[package]]
name = "io-lifetimes"
version = "1.0.11"
source = "registry+https://github.com/rust-lang/crates.io-index"
checksum = "eae7b9aee968036d54dce06cebaefd919e4472e753296daccd6d344e3e2df0c2"
dependencies = [
 "hermit-abi",
 "libc",
 "windows-sys",
]

[[package]]
name = "is-terminal"
version = "0.4.7"
source = "registry+https://github.com/rust-lang/crates.io-index"
checksum = "adcf93614601c8129ddf72e2d5633df827ba6551541c6d8c59520a371475be1f"
dependencies = [
 "hermit-abi",
 "io-lifetimes",
 "rustix",
 "windows-sys",
]

[[package]]
name = "itertools"
version = "0.10.5"
source = "registry+https://github.com/rust-lang/crates.io-index"
checksum = "b0fd2260e829bddf4cb6ea802289de2f86d6a7a690192fbe91b3f46e0f2c8473"
dependencies = [
 "either",
]

[[package]]
name = "itertools"
version = "0.11.0"
source = "registry+https://github.com/rust-lang/crates.io-index"
checksum = "b1c173a5686ce8bfa551b3563d0c2170bf24ca44da99c7ca4bfdab5418c3fe57"
dependencies = [
 "either",
]

[[package]]
name = "itoa"
version = "1.0.3"
source = "registry+https://github.com/rust-lang/crates.io-index"
checksum = "6c8af84674fe1f223a982c933a0ee1086ac4d4052aa0fb8060c12c6ad838e754"

[[package]]
name = "js-sys"
version = "0.3.60"
source = "registry+https://github.com/rust-lang/crates.io-index"
checksum = "49409df3e3bf0856b916e2ceaca09ee28e6871cf7d9ce97a692cacfdb2a25a47"
dependencies = [
 "wasm-bindgen",
]

[[package]]
name = "keccak"
version = "0.1.4"
source = "registry+https://github.com/rust-lang/crates.io-index"
checksum = "8f6d5ed8676d904364de097082f4e7d240b571b67989ced0240f08b7f966f940"
dependencies = [
 "cpufeatures",
]

[[package]]
name = "lazy_static"
version = "1.4.0"
source = "registry+https://github.com/rust-lang/crates.io-index"
checksum = "e2abad23fbc42b3700f2f279844dc832adb2b2eb069b2df918f455c4e18cc646"

[[package]]
name = "libc"
version = "0.2.150"
source = "registry+https://github.com/rust-lang/crates.io-index"
checksum = "89d92a4743f9a61002fae18374ed11e7973f530cb3a3255fb354818118b2203c"

[[package]]
name = "libm"
version = "0.2.7"
source = "registry+https://github.com/rust-lang/crates.io-index"
checksum = "f7012b1bbb0719e1097c47611d3898568c546d597c2e74d66f6087edd5233ff4"

[[package]]
name = "linux-raw-sys"
version = "0.3.8"
source = "registry+https://github.com/rust-lang/crates.io-index"
checksum = "ef53942eb7bf7ff43a617b3e2c1c4a5ecf5944a7c1bc12d7ee39bbb15e5c1519"

[[package]]
name = "log"
version = "0.4.17"
source = "registry+https://github.com/rust-lang/crates.io-index"
checksum = "abb12e687cfb44aa40f41fc3978ef76448f9b6038cad6aef4259d3c095a2382e"
dependencies = [
 "cfg-if",
]

[[package]]
name = "matrixmultiply"
version = "0.3.7"
source = "registry+https://github.com/rust-lang/crates.io-index"
checksum = "090126dc04f95dc0d1c1c91f61bdd474b3930ca064c1edc8a849da2c6cbe1e77"
dependencies = [
 "autocfg",
 "rawpointer",
]

[[package]]
name = "memoffset"
version = "0.6.5"
source = "registry+https://github.com/rust-lang/crates.io-index"
checksum = "5aa361d4faea93603064a027415f07bd8e1d5c88c9fbf68bf56a285428fd79ce"
dependencies = [
 "autocfg",
]

[[package]]
name = "modinverse"
version = "0.1.1"
source = "registry+https://github.com/rust-lang/crates.io-index"
checksum = "2f62f577f148cc1a9466e7065a22e59466a7d537cceba5e77e57181d0f706633"
dependencies = [
 "num-integer",
]

[[package]]
name = "nalgebra"
version = "0.29.0"
source = "registry+https://github.com/rust-lang/crates.io-index"
checksum = "d506eb7e08d6329505faa8a3a00a5dcc6de9f76e0c77e4b75763ae3c770831ff"
dependencies = [
 "approx",
 "matrixmultiply",
 "nalgebra-macros",
 "num-complex",
 "num-rational",
 "num-traits",
 "rand",
 "rand_distr",
 "simba",
 "typenum",
]

[[package]]
name = "nalgebra-macros"
version = "0.1.0"
source = "registry+https://github.com/rust-lang/crates.io-index"
checksum = "01fcc0b8149b4632adc89ac3b7b31a12fb6099a0317a4eb2ebff574ef7de7218"
dependencies = [
 "proc-macro2",
 "quote",
 "syn 1.0.104",
]

[[package]]
name = "num-bigint"
version = "0.4.4"
source = "registry+https://github.com/rust-lang/crates.io-index"
checksum = "608e7659b5c3d7cba262d894801b9ec9d00de989e8a82bd4bef91d08da45cdc0"
dependencies = [
 "autocfg",
 "num-integer",
 "num-traits",
 "rand",
 "serde",
]

[[package]]
name = "num-complex"
version = "0.4.3"
source = "registry+https://github.com/rust-lang/crates.io-index"
checksum = "02e0d21255c828d6f128a1e41534206671e8c3ea0c62f32291e808dc82cff17d"
dependencies = [
 "num-traits",
]

[[package]]
name = "num-integer"
version = "0.1.45"
source = "registry+https://github.com/rust-lang/crates.io-index"
checksum = "225d3389fb3509a24c93f5c29eb6bde2586b98d9f016636dff58d7c6f7569cd9"
dependencies = [
 "autocfg",
 "num-traits",
]

[[package]]
name = "num-iter"
version = "0.1.43"
source = "registry+https://github.com/rust-lang/crates.io-index"
checksum = "7d03e6c028c5dc5cac6e2dec0efda81fc887605bb3d884578bb6d6bf7514e252"
dependencies = [
 "autocfg",
 "num-integer",
 "num-traits",
]

[[package]]
name = "num-rational"
version = "0.4.1"
source = "registry+https://github.com/rust-lang/crates.io-index"
checksum = "0638a1c9d0a3c0914158145bc76cff373a75a627e6ecbfb71cbe6f453a5a19b0"
dependencies = [
 "autocfg",
 "num-bigint",
 "num-integer",
 "num-traits",
 "serde",
]

[[package]]
name = "num-traits"
version = "0.2.17"
source = "registry+https://github.com/rust-lang/crates.io-index"
checksum = "39e3200413f237f41ab11ad6d161bc7239c84dcb631773ccd7de3dfe4b5c267c"
dependencies = [
 "autocfg",
 "libm",
]

[[package]]
name = "once_cell"
version = "1.18.0"
source = "registry+https://github.com/rust-lang/crates.io-index"
checksum = "dd8b5dd2ae5ed71462c540258bedcb51965123ad7e7ccf4b9a8cafaa4a63576d"

[[package]]
name = "oorandom"
version = "11.1.3"
source = "registry+https://github.com/rust-lang/crates.io-index"
checksum = "0ab1bc2a289d34bd04a330323ac98a1b4bc82c9d9fcb1e66b63caa84da26b575"

[[package]]
name = "paste"
version = "1.0.9"
source = "registry+https://github.com/rust-lang/crates.io-index"
checksum = "b1de2e551fb905ac83f73f7aedf2f0cb4a0da7e35efa24a202a936269f1f18e1"

[[package]]
name = "plotters"
version = "0.3.4"
source = "registry+https://github.com/rust-lang/crates.io-index"
checksum = "2538b639e642295546c50fcd545198c9d64ee2a38620a628724a3b266d5fbf97"
dependencies = [
 "num-traits",
 "plotters-backend",
 "plotters-svg",
 "wasm-bindgen",
 "web-sys",
]

[[package]]
name = "plotters-backend"
version = "0.3.4"
source = "registry+https://github.com/rust-lang/crates.io-index"
checksum = "193228616381fecdc1224c62e96946dfbc73ff4384fba576e052ff8c1bea8142"

[[package]]
name = "plotters-svg"
version = "0.3.3"
source = "registry+https://github.com/rust-lang/crates.io-index"
checksum = "f9a81d2759aae1dae668f783c308bc5c8ebd191ff4184aaa1b37f65a6ae5a56f"
dependencies = [
 "plotters-backend",
]

[[package]]
name = "ppv-lite86"
version = "0.2.16"
source = "registry+https://github.com/rust-lang/crates.io-index"
checksum = "eb9f9e6e233e5c4a35559a617bf40a4ec447db2e84c20b55a6f83167b7e57872"

[[package]]
name = "prio"
version = "0.15.3"
dependencies = [
 "aes",
 "assert_matches",
 "base64",
 "bitvec",
 "byteorder",
 "cfg-if",
 "criterion",
 "ctr",
 "fiat-crypto",
 "fixed",
 "fixed-macro",
 "getrandom",
 "hex",
 "hex-literal",
 "hmac",
 "iai",
 "itertools 0.11.0",
 "modinverse",
 "num-bigint",
 "num-integer",
 "num-iter",
 "num-rational",
 "num-traits",
 "once_cell",
 "prio",
 "rand",
 "rand_core",
 "rayon",
 "serde",
 "serde_json",
 "sha2",
 "sha3",
 "statrs",
 "subtle",
 "thiserror",
 "zipf",
]

[[package]]
name = "prio-binaries"
version = "0.5.0"
dependencies = [
 "base64",
 "fixed",
 "fixed-macro",
 "prio",
]

[[package]]
name = "proc-macro-error"
version = "1.0.4"
source = "registry+https://github.com/rust-lang/crates.io-index"
checksum = "da25490ff9892aab3fcf7c36f08cfb902dd3e71ca0f9f9517bea02a73a5ce38c"
dependencies = [
 "proc-macro-error-attr",
 "proc-macro2",
 "quote",
 "syn 1.0.104",
 "version_check",
]

[[package]]
name = "proc-macro-error-attr"
version = "1.0.4"
source = "registry+https://github.com/rust-lang/crates.io-index"
checksum = "a1be40180e52ecc98ad80b184934baf3d0d29f979574e439af5a55274b35f869"
dependencies = [
 "proc-macro2",
 "quote",
 "version_check",
]

[[package]]
name = "proc-macro2"
version = "1.0.63"
source = "registry+https://github.com/rust-lang/crates.io-index"
checksum = "7b368fba921b0dce7e60f5e04ec15e565b3303972b42bcfde1d0713b881959eb"
dependencies = [
 "unicode-ident",
]

[[package]]
name = "quote"
version = "1.0.29"
source = "registry+https://github.com/rust-lang/crates.io-index"
checksum = "573015e8ab27661678357f27dc26460738fd2b6c86e46f386fde94cb5d913105"
dependencies = [
 "proc-macro2",
]

[[package]]
name = "radium"
version = "0.7.0"
source = "registry+https://github.com/rust-lang/crates.io-index"
checksum = "dc33ff2d4973d518d823d61aa239014831e521c75da58e3df4840d3f47749d09"

[[package]]
name = "rand"
version = "0.8.5"
source = "registry+https://github.com/rust-lang/crates.io-index"
checksum = "34af8d1a0e25924bc5b7c43c079c942339d8f0a8b57c39049bef581b46327404"
dependencies = [
 "libc",
 "rand_chacha",
 "rand_core",
]

[[package]]
name = "rand_chacha"
version = "0.3.1"
source = "registry+https://github.com/rust-lang/crates.io-index"
checksum = "e6c10a63a0fa32252be49d21e7709d4d4baf8d231c2dbce1eaa8141b9b127d88"
dependencies = [
 "ppv-lite86",
 "rand_core",
]

[[package]]
name = "rand_core"
version = "0.6.4"
source = "registry+https://github.com/rust-lang/crates.io-index"
checksum = "ec0be4795e2f6a28069bec0b5ff3e2ac9bafc99e6a9a7dc3547996c5c816922c"
dependencies = [
 "getrandom",
]

[[package]]
name = "rand_distr"
version = "0.4.3"
source = "registry+https://github.com/rust-lang/crates.io-index"
checksum = "32cb0b9bc82b0a0876c2dd994a7e7a2683d3e7390ca40e6886785ef0c7e3ee31"
dependencies = [
 "num-traits",
 "rand",
]

[[package]]
name = "rawpointer"
version = "0.2.1"
source = "registry+https://github.com/rust-lang/crates.io-index"
checksum = "60a357793950651c4ed0f3f52338f53b2f809f32d83a07f72909fa13e4c6c1e3"

[[package]]
name = "rayon"
version = "1.8.0"
source = "registry+https://github.com/rust-lang/crates.io-index"
checksum = "9c27db03db7734835b3f53954b534c91069375ce6ccaa2e065441e07d9b6cdb1"
dependencies = [
 "either",
 "rayon-core",
]

[[package]]
name = "rayon-core"
version = "1.12.0"
source = "registry+https://github.com/rust-lang/crates.io-index"
checksum = "5ce3fb6ad83f861aac485e76e1985cd109d9a3713802152be56c3b1f0e0658ed"
dependencies = [
 "crossbeam-deque",
 "crossbeam-utils",
]

[[package]]
name = "regex"
version = "1.6.0"
source = "registry+https://github.com/rust-lang/crates.io-index"
checksum = "4c4eb3267174b8c6c2f654116623910a0fef09c4753f8dd83db29c48a0df988b"
dependencies = [
 "regex-syntax",
]

[[package]]
name = "regex-syntax"
version = "0.6.27"
source = "registry+https://github.com/rust-lang/crates.io-index"
checksum = "a3f87b73ce11b1619a3c6332f45341e0047173771e8b8b73f87bfeefb7b56244"

[[package]]
name = "rustix"
version = "0.37.13"
source = "registry+https://github.com/rust-lang/crates.io-index"
checksum = "f79bef90eb6d984c72722595b5b1348ab39275a5e5123faca6863bf07d75a4e0"
dependencies = [
 "bitflags",
 "errno",
 "io-lifetimes",
 "libc",
 "linux-raw-sys",
 "windows-sys",
]

[[package]]
name = "ryu"
version = "1.0.11"
source = "registry+https://github.com/rust-lang/crates.io-index"
checksum = "4501abdff3ae82a1c1b477a17252eb69cee9e66eb915c1abaa4f44d873df9f09"

[[package]]
name = "safe_arch"
version = "0.7.0"
source = "registry+https://github.com/rust-lang/crates.io-index"
checksum = "62a7484307bd40f8f7ccbacccac730108f2cae119a3b11c74485b48aa9ea650f"
dependencies = [
 "bytemuck",
]

[[package]]
name = "same-file"
version = "1.0.6"
source = "registry+https://github.com/rust-lang/crates.io-index"
checksum = "93fc1dc3aaa9bfed95e02e6eadabb4baf7e3078b0bd1b4d7b6b0b68378900502"
dependencies = [
 "winapi-util",
]

[[package]]
name = "scopeguard"
version = "1.1.0"
source = "registry+https://github.com/rust-lang/crates.io-index"
checksum = "d29ab0c6d3fc0ee92fe66e2d99f700eab17a8d57d1c1d3b748380fb20baa78cd"

[[package]]
name = "serde"
version = "1.0.190"
source = "registry+https://github.com/rust-lang/crates.io-index"
checksum = "91d3c334ca1ee894a2c6f6ad698fe8c435b76d504b13d436f0685d648d6d96f7"
dependencies = [
 "serde_derive",
]

[[package]]
name = "serde_derive"
version = "1.0.190"
source = "registry+https://github.com/rust-lang/crates.io-index"
checksum = "67c5609f394e5c2bd7fc51efda478004ea80ef42fee983d5c67a65e34f32c0e3"
dependencies = [
 "proc-macro2",
 "quote",
 "syn 2.0.28",
]

[[package]]
name = "serde_json"
version = "1.0.108"
source = "registry+https://github.com/rust-lang/crates.io-index"
checksum = "3d1c7e3eac408d115102c4c24ad393e0821bb3a5df4d506a80f85f7a742a526b"
dependencies = [
 "itoa",
 "ryu",
 "serde",
]

[[package]]
name = "sha2"
version = "0.10.8"
source = "registry+https://github.com/rust-lang/crates.io-index"
checksum = "793db75ad2bcafc3ffa7c68b215fee268f537982cd901d132f89c6343f3a3dc8"
dependencies = [
 "cfg-if",
 "cpufeatures",
 "digest",
]

[[package]]
name = "sha3"
version = "0.10.8"
source = "registry+https://github.com/rust-lang/crates.io-index"
checksum = "75872d278a8f37ef87fa0ddbda7802605cb18344497949862c0d4dcb291eba60"
dependencies = [
 "digest",
 "keccak",
]

[[package]]
name = "simba"
version = "0.6.0"
source = "registry+https://github.com/rust-lang/crates.io-index"
checksum = "f0b7840f121a46d63066ee7a99fc81dcabbc6105e437cae43528cea199b5a05f"
dependencies = [
 "approx",
 "num-complex",
 "num-traits",
 "paste",
 "wide",
]

[[package]]
name = "statrs"
version = "0.16.0"
source = "registry+https://github.com/rust-lang/crates.io-index"
checksum = "2d08e5e1748192713cc281da8b16924fb46be7b0c2431854eadc785823e5696e"
dependencies = [
 "approx",
 "lazy_static",
 "nalgebra",
 "num-traits",
 "rand",
]

[[package]]
name = "subtle"
version = "2.5.0"
source = "registry+https://github.com/rust-lang/crates.io-index"
checksum = "81cdd64d312baedb58e21336b31bc043b77e01cc99033ce76ef539f78e965ebc"

[[package]]
name = "syn"
version = "1.0.104"
source = "registry+https://github.com/rust-lang/crates.io-index"
checksum = "4ae548ec36cf198c0ef7710d3c230987c2d6d7bd98ad6edc0274462724c585ce"
dependencies = [
 "proc-macro2",
 "quote",
 "unicode-ident",
]

[[package]]
name = "syn"
version = "2.0.28"
source = "registry+https://github.com/rust-lang/crates.io-index"
checksum = "04361975b3f5e348b2189d8dc55bc942f278b2d482a6a0365de5bdd62d351567"
dependencies = [
 "proc-macro2",
 "quote",
 "unicode-ident",
]

[[package]]
name = "tap"
version = "1.0.1"
source = "registry+https://github.com/rust-lang/crates.io-index"
checksum = "55937e1799185b12863d447f42597ed69d9928686b8d88a1df17376a097d8369"

[[package]]
name = "thiserror"
version = "1.0.50"
source = "registry+https://github.com/rust-lang/crates.io-index"
checksum = "f9a7210f5c9a7156bb50aa36aed4c95afb51df0df00713949448cf9e97d382d2"
dependencies = [
 "thiserror-impl",
]

[[package]]
name = "thiserror-impl"
version = "1.0.50"
source = "registry+https://github.com/rust-lang/crates.io-index"
checksum = "266b2e40bc00e5a6c09c3584011e08b06f123c00362c92b975ba9843aaaa14b8"
dependencies = [
 "proc-macro2",
 "quote",
 "syn 2.0.28",
]

[[package]]
name = "tinytemplate"
version = "1.2.1"
source = "registry+https://github.com/rust-lang/crates.io-index"
checksum = "be4d6b5f19ff7664e8c98d03e2139cb510db9b0a60b55f8e8709b689d939b6bc"
dependencies = [
 "serde",
 "serde_json",
]

[[package]]
name = "typenum"
version = "1.15.0"
source = "registry+https://github.com/rust-lang/crates.io-index"
checksum = "dcf81ac59edc17cc8697ff311e8f5ef2d99fcbd9817b34cec66f90b6c3dfd987"

[[package]]
name = "unicode-ident"
version = "1.0.3"
source = "registry+https://github.com/rust-lang/crates.io-index"
checksum = "c4f5b37a154999a8f3f98cc23a628d850e154479cd94decf3414696e12e31aaf"

[[package]]
name = "version_check"
version = "0.9.4"
source = "registry+https://github.com/rust-lang/crates.io-index"
checksum = "49874b5167b65d7193b8aba1567f5c7d93d001cafc34600cee003eda787e483f"

[[package]]
name = "walkdir"
version = "2.3.2"
source = "registry+https://github.com/rust-lang/crates.io-index"
checksum = "808cf2735cd4b6866113f648b791c6adc5714537bc222d9347bb203386ffda56"
dependencies = [
 "same-file",
 "winapi",
 "winapi-util",
]

[[package]]
name = "wasi"
version = "0.11.0+wasi-snapshot-preview1"
source = "registry+https://github.com/rust-lang/crates.io-index"
checksum = "9c8d87e72b64a3b4db28d11ce29237c246188f4f51057d65a7eab63b7987e423"

[[package]]
name = "wasm-bindgen"
version = "0.2.83"
source = "registry+https://github.com/rust-lang/crates.io-index"
checksum = "eaf9f5aceeec8be17c128b2e93e031fb8a4d469bb9c4ae2d7dc1888b26887268"
dependencies = [
 "cfg-if",
 "wasm-bindgen-macro",
]

[[package]]
name = "wasm-bindgen-backend"
version = "0.2.83"
source = "registry+https://github.com/rust-lang/crates.io-index"
checksum = "4c8ffb332579b0557b52d268b91feab8df3615f265d5270fec2a8c95b17c1142"
dependencies = [
 "bumpalo",
 "log",
 "once_cell",
 "proc-macro2",
 "quote",
 "syn 1.0.104",
 "wasm-bindgen-shared",
]

[[package]]
name = "wasm-bindgen-macro"
version = "0.2.83"
source = "registry+https://github.com/rust-lang/crates.io-index"
checksum = "052be0f94026e6cbc75cdefc9bae13fd6052cdcaf532fa6c45e7ae33a1e6c810"
dependencies = [
 "quote",
 "wasm-bindgen-macro-support",
]

[[package]]
name = "wasm-bindgen-macro-support"
version = "0.2.83"
source = "registry+https://github.com/rust-lang/crates.io-index"
checksum = "07bc0c051dc5f23e307b13285f9d75df86bfdf816c5721e573dec1f9b8aa193c"
dependencies = [
 "proc-macro2",
 "quote",
 "syn 1.0.104",
 "wasm-bindgen-backend",
 "wasm-bindgen-shared",
]

[[package]]
name = "wasm-bindgen-shared"
version = "0.2.83"
source = "registry+https://github.com/rust-lang/crates.io-index"
checksum = "1c38c045535d93ec4f0b4defec448e4291638ee608530863b1e2ba115d4fff7f"

[[package]]
name = "web-sys"
version = "0.3.60"
source = "registry+https://github.com/rust-lang/crates.io-index"
checksum = "bcda906d8be16e728fd5adc5b729afad4e444e106ab28cd1c7256e54fa61510f"
dependencies = [
 "js-sys",
 "wasm-bindgen",
]

[[package]]
name = "wide"
version = "0.7.11"
source = "registry+https://github.com/rust-lang/crates.io-index"
checksum = "aa469ffa65ef7e0ba0f164183697b89b854253fd31aeb92358b7b6155177d62f"
dependencies = [
 "bytemuck",
 "safe_arch",
]

[[package]]
name = "winapi"
version = "0.3.9"
source = "registry+https://github.com/rust-lang/crates.io-index"
checksum = "5c839a674fcd7a98952e593242ea400abe93992746761e38641405d28b00f419"
dependencies = [
 "winapi-i686-pc-windows-gnu",
 "winapi-x86_64-pc-windows-gnu",
]

[[package]]
name = "winapi-i686-pc-windows-gnu"
version = "0.4.0"
source = "registry+https://github.com/rust-lang/crates.io-index"
checksum = "ac3b87c63620426dd9b991e5ce0329eff545bccbbb34f3be09ff6fb6ab51b7b6"

[[package]]
name = "winapi-util"
version = "0.1.5"
source = "registry+https://github.com/rust-lang/crates.io-index"
checksum = "70ec6ce85bb158151cae5e5c87f95a8e97d2c0c4b001223f33a334e3ce5de178"
dependencies = [
 "winapi",
]

[[package]]
name = "winapi-x86_64-pc-windows-gnu"
version = "0.4.0"
source = "registry+https://github.com/rust-lang/crates.io-index"
checksum = "712e227841d057c1ee1cd2fb22fa7e5a5461ae8e48fa2ca79ec42cfc1931183f"

[[package]]
name = "windows-sys"
version = "0.48.0"
source = "registry+https://github.com/rust-lang/crates.io-index"
checksum = "677d2418bec65e3338edb076e806bc1ec15693c5d0104683f2efe857f61056a9"
dependencies = [
 "windows-targets",
]

[[package]]
name = "windows-targets"
version = "0.48.0"
source = "registry+https://github.com/rust-lang/crates.io-index"
checksum = "7b1eb6f0cd7c80c79759c929114ef071b87354ce476d9d94271031c0497adfd5"
dependencies = [
 "windows_aarch64_gnullvm",
 "windows_aarch64_msvc",
 "windows_i686_gnu",
 "windows_i686_msvc",
 "windows_x86_64_gnu",
 "windows_x86_64_gnullvm",
 "windows_x86_64_msvc",
]

[[package]]
name = "windows_aarch64_gnullvm"
version = "0.48.0"
source = "registry+https://github.com/rust-lang/crates.io-index"
checksum = "91ae572e1b79dba883e0d315474df7305d12f569b400fcf90581b06062f7e1bc"

[[package]]
name = "windows_aarch64_msvc"
version = "0.48.0"
source = "registry+https://github.com/rust-lang/crates.io-index"
checksum = "b2ef27e0d7bdfcfc7b868b317c1d32c641a6fe4629c171b8928c7b08d98d7cf3"

[[package]]
name = "windows_i686_gnu"
version = "0.48.0"
source = "registry+https://github.com/rust-lang/crates.io-index"
checksum = "622a1962a7db830d6fd0a69683c80a18fda201879f0f447f065a3b7467daa241"

[[package]]
name = "windows_i686_msvc"
version = "0.48.0"
source = "registry+https://github.com/rust-lang/crates.io-index"
checksum = "4542c6e364ce21bf45d69fdd2a8e455fa38d316158cfd43b3ac1c5b1b19f8e00"

[[package]]
name = "windows_x86_64_gnu"
version = "0.48.0"
source = "registry+https://github.com/rust-lang/crates.io-index"
checksum = "ca2b8a661f7628cbd23440e50b05d705db3686f894fc9580820623656af974b1"

[[package]]
name = "windows_x86_64_gnullvm"
version = "0.48.0"
source = "registry+https://github.com/rust-lang/crates.io-index"
checksum = "7896dbc1f41e08872e9d5e8f8baa8fdd2677f29468c4e156210174edc7f7b953"

[[package]]
name = "windows_x86_64_msvc"
version = "0.48.0"
source = "registry+https://github.com/rust-lang/crates.io-index"
checksum = "1a515f5799fe4961cb532f983ce2b23082366b898e52ffbce459c86f67c8378a"

[[package]]
name = "wyz"
version = "0.5.1"
source = "registry+https://github.com/rust-lang/crates.io-index"
checksum = "05f360fc0b24296329c78fda852a1e9ae82de9cf7b27dae4b7f62f118f77b9ed"
dependencies = [
 "tap",
]

[[package]]
name = "zipf"
version = "7.0.1"
source = "registry+https://github.com/rust-lang/crates.io-index"
checksum = "390e51da0ed8cc3ade001d15fa5ba6f966b99c858fb466ec6b06d1682f1f94dd"
dependencies = [
 "rand",
]
