
# cargo-vet imports lock

[[publisher.byteorder]]
version = "1.5.0"
when = "2023-10-06"
user-id = 189
user-login = "BurntSushi"
user-name = "Andrew Gallant"

[[publisher.cc]]
version = "1.2.30"
when = "2025-07-18"
user-id = 55123
user-login = "rust-lang-owner"

[[publisher.clap]]
version = "4.5.38"
when = "2025-05-11"
user-id = 6743
user-login = "epage"
user-name = "Ed Page"

[[publisher.clap_builder]]
version = "4.5.38"
when = "2025-05-11"
user-id = 6743
user-login = "epage"
user-name = "Ed Page"

[[publisher.find-msvc-tools]]
version = "0.1.0"
when = "2025-08-29"
user-id = 539
user-login = "cuviper"
user-name = "Josh Stone"

[[publisher.itoa]]
version = "1.0.3"
when = "2022-08-03"
user-id = 3618
user-login = "dtolnay"
user-name = "David Tolnay"

[[publisher.js-sys]]
version = "0.3.60"
when = "2022-09-12"
user-id = 1
user-login = "alexcrichton"
user-name = "Alex Crichton"

[[publisher.libc]]
version = "0.2.154"
when = "2024-04-29"
user-id = 51017
user-login = "JohnTitor"
user-name = "Yuki Okushi"

[[publisher.libm]]
version = "0.2.7"
when = "2023-05-15"
user-id = 2915
user-login = "Amanieu"
user-name = "Amanieu d'Antras"

[[publisher.memchr]]
version = "2.7.2"
when = "2024-03-27"
user-id = 189
user-login = "BurntSushi"
user-name = "Andrew Gallant"

[[publisher.num-bigint]]
version = "0.4.6"
when = "2024-06-27"
user-id = 539
user-login = "cuviper"
user-name = "Josh Stone"

[[publisher.num-complex]]
version = "0.4.3"
when = "2023-01-19"
user-id = 539
user-login = "cuviper"
user-name = "Josh Stone"

[[publisher.paste]]
version = "1.0.9"
when = "2022-08-31"
user-id = 3618
user-login = "dtolnay"
user-name = "David Tolnay"

[[publisher.proc-macro2]]
version = "1.0.86"
when = "2024-06-21"
user-id = 3618
user-login = "dtolnay"
user-name = "David Tolnay"

[[publisher.quote]]
version = "1.0.35"
when = "2024-01-02"
user-id = 3618
user-login = "dtolnay"
user-name = "David Tolnay"

[[publisher.regex]]
version = "1.6.0"
when = "2022-07-05"
user-id = 189
user-login = "BurntSushi"
user-name = "Andrew Gallant"

[[publisher.regex-syntax]]
version = "0.6.27"
when = "2022-07-05"
user-id = 189
user-login = "BurntSushi"
user-name = "Andrew Gallant"

[[publisher.serde]]
version = "1.0.228"
when = "2025-09-27"
user-id = 3618
user-login = "dtolnay"
user-name = "David Tolnay"

[[publisher.serde_core]]
version = "1.0.228"
when = "2025-09-27"
user-id = 3618
user-login = "dtolnay"
user-name = "David Tolnay"

[[publisher.serde_derive]]
version = "1.0.228"
when = "2025-09-27"
user-id = 3618
user-login = "dtolnay"
user-name = "David Tolnay"

[[publisher.serde_json]]
version = "1.0.149"
when = "2026-01-06"
user-id = 3618
user-login = "dtolnay"
user-name = "David Tolnay"

[[publisher.syn]]
version = "1.0.104"
when = "2022-11-28"
user-id = 3618
user-login = "dtolnay"
user-name = "David Tolnay"

[[publisher.syn]]
version = "2.0.87"
when = "2024-11-02"
user-id = 3618
user-login = "dtolnay"
user-name = "David Tolnay"

[[publisher.thiserror]]
version = "2.0.17"
when = "2025-09-28"
user-id = 3618
user-login = "dtolnay"
user-name = "David Tolnay"

[[publisher.thiserror-impl]]
version = "2.0.17"
when = "2025-09-28"
user-id = 3618
user-login = "dtolnay"
user-name = "David Tolnay"

[[publisher.wasi]]
version = "0.11.0+wasi-snapshot-preview1"
when = "2022-01-19"
user-id = 1
user-login = "alexcrichton"
user-name = "Alex Crichton"

[[publisher.wasm-bindgen]]
version = "0.2.83"
when = "2022-09-12"
user-id = 1
user-login = "alexcrichton"
user-name = "Alex Crichton"

[[publisher.wasm-bindgen-backend]]
version = "0.2.83"
when = "2022-09-12"
user-id = 1
user-login = "alexcrichton"
user-name = "Alex Crichton"

[[publisher.wasm-bindgen-macro]]
version = "0.2.83"
when = "2022-09-12"
user-id = 1
user-login = "alexcrichton"
user-name = "Alex Crichton"

[[publisher.wasm-bindgen-macro-support]]
version = "0.2.83"
when = "2022-09-12"
user-id = 1
user-login = "alexcrichton"
user-name = "Alex Crichton"

[[publisher.web-sys]]
version = "0.3.60"
when = "2022-09-12"
user-id = 1
user-login = "alexcrichton"
user-name = "Alex Crichton"

[[publisher.winapi-util]]
version = "0.1.5"
when = "2020-04-20"
user-id = 189
user-login = "BurntSushi"
user-name = "Andrew Gallant"

[[publisher.wit-bindgen-rt]]
version = "0.39.0"
when = "2025-02-05"
user-id = 73222
user-login = "wasmtime-publish"

[[publisher.zmij]]
version = "1.0.19"
when = "2026-02-01"
user-id = 3618
user-login = "dtolnay"
user-name = "David Tolnay"

[[audits.bytecode-alliance.wildcard-audits.wit-bindgen-rt]]
who = "Alex Crichton <alex@alexcrichton.com>"
criteria = "safe-to-deploy"
user-id = 73222 # wasmtime-publish
start = "2023-01-01"
end = "2026-06-03"
notes = """
The Bytecode Alliance uses the `wasmtime-publish` crates.io account to automate
publication of this crate from CI. This repository requires all PRs are reviewed
by a Bytecode Alliance maintainer and it owned by the Bytecode Alliance itself.
"""

[[audits.bytecode-alliance.audits.anes]]
who = "Pat Hickey <phickey@fastly.com>"
criteria = "safe-to-deploy"
version = "0.1.6"
notes = "Contains no unsafe code, no IO, no build.rs."

[[audits.bytecode-alliance.audits.base64]]
who = "Pat Hickey <phickey@fastly.com>"
criteria = "safe-to-deploy"
version = "0.21.0"
notes = "This crate has no dependencies, no build.rs, and contains no unsafe code."

[[audits.bytecode-alliance.audits.bitflags]]
who = "Jamey Sharp <jsharp@fastly.com>"
criteria = "safe-to-deploy"
delta = "2.1.0 -> 2.2.1"
notes = """
This version adds unsafe impls of traits from the bytemuck crate when built
with that library enabled, but I believe the impls satisfy the documented
safety requirements for bytemuck. The other changes are minor.
"""

[[audits.bytecode-alliance.audits.bitflags]]
who = "Alex Crichton <alex@alexcrichton.com>"
criteria = "safe-to-deploy"
delta = "2.3.2 -> 2.3.3"
notes = """
Nothing outside the realm of what one would expect from a bitflags generator,
all as expected.
"""

[[audits.bytecode-alliance.audits.bitflags]]
who = "Alex Crichton <alex@alexcrichton.com>"
criteria = "safe-to-deploy"
delta = "2.4.1 -> 2.6.0"
notes = """
Changes in how macros are invoked and various bits and pieces of macro-fu.
Otherwise no major changes and nothing dealing with `unsafe`.
"""

[[audits.bytecode-alliance.audits.block-buffer]]
who = "Benjamin Bouvier <public@benj.me>"
criteria = "safe-to-deploy"
delta = "0.9.0 -> 0.10.2"

[[audits.bytecode-alliance.audits.bumpalo]]
who = "Nick Fitzgerald <fitzgen@gmail.com>"
criteria = "safe-to-deploy"
version = "3.11.1"
notes = "I am the author of this crate."

[[audits.bytecode-alliance.audits.cc]]
who = "Alex Crichton <alex@alexcrichton.com>"
criteria = "safe-to-deploy"
delta = "1.2.30 -> 1.2.41"
notes = "This is a trusted rust-lang/rust crate"

[[audits.bytecode-alliance.audits.cfg-if]]
who = "Alex Crichton <alex@alexcrichton.com>"
criteria = "safe-to-deploy"
version = "1.0.0"
notes = "I am the author of this crate."

[[audits.bytecode-alliance.audits.ciborium]]
who = "Pat Hickey <phickey@fastly.com>"
criteria = "safe-to-deploy"
version = "0.2.0"

[[audits.bytecode-alliance.audits.ciborium-ll]]
who = "Pat Hickey <phickey@fastly.com>"
criteria = "safe-to-deploy"
version = "0.2.0"

[[audits.bytecode-alliance.audits.crossbeam-epoch]]
who = "Alex Crichton <alex@alexcrichton.com>"
criteria = "safe-to-deploy"
delta = "0.9.15 -> 0.9.18"
notes = "Nontrivial update but mostly around dependencies and how `unsafe` code is managed. Everything looks the same shape as before."

[[audits.bytecode-alliance.audits.crypto-common]]
who = "Benjamin Bouvier <public@benj.me>"
criteria = "safe-to-deploy"
version = "0.1.3"

[[audits.bytecode-alliance.audits.find-msvc-tools]]
who = "Alex Crichton <alex@alexcrichton.com>"
criteria = "safe-to-deploy"
delta = "0.1.0 -> 0.1.4"
notes = "Nothing out of the ordinary for a crate finding MSVC tooling."

[[audits.bytecode-alliance.audits.itertools]]
who = "Nick Fitzgerald <fitzgen@gmail.com>"
criteria = "safe-to-deploy"
delta = "0.10.5 -> 0.12.1"
notes = """
Minimal `unsafe` usage. Few blocks that existed looked reasonable. Does what it
says on the tin: lots of iterators.
"""

[[audits.bytecode-alliance.audits.itertools]]
who = "Alex Crichton <alex@alexcrichton.com>"
criteria = "safe-to-deploy"
delta = "0.12.1 -> 0.14.0"
notes = """
Lots of new iterators and shuffling some things around. Some new unsafe code but
it's well-documented and well-tested. Nothing suspicious.
"""

[[audits.bytecode-alliance.audits.shlex]]
who = "Alex Crichton <alex@alexcrichton.com>"
criteria = "safe-to-deploy"
version = "1.1.0"
notes = "Only minor `unsafe` code blocks which look valid and otherwise does what it says on the tin."

[[audits.embark-studios.audits.tap]]
who = "Johan Andersson <opensource@embark-studios.com>"
criteria = "safe-to-deploy"
version = "1.0.1"
notes = "No unsafe usage or ambient capabilities"

[[audits.fermyon.audits.oorandom]]
who = "Radu Matei <radu.matei@fermyon.com>"
criteria = "safe-to-run"
version = "11.1.3"

[[audits.fermyon.audits.plotters-svg]]
who = "Radu Matei <radu.matei@fermyon.com>"
criteria = "safe-to-run"
version = "0.3.3"

[[audits.google.audits.anstyle]]
who = "Yu-An Wang <wyuang@google.com>"
criteria = "safe-to-run"
version = "1.0.4"
aggregated-from = "https://chromium.googlesource.com/chromiumos/third_party/rust_crates/+/refs/heads/main/cargo-vet/audits.toml?format=TEXT"

[[audits.google.audits.anstyle]]
who = "Lukasz Anforowicz <lukasza@chromium.org>"
criteria = "safe-to-run"
delta = "1.0.4 -> 1.0.6"
aggregated-from = "https://chromium.googlesource.com/chromium/src/+/main/third_party/rust/chromium_crates_io/supply-chain/audits.toml?format=TEXT"

[[audits.google.audits.anstyle]]
who = "danakj <danakj@chromium.org>"
criteria = "safe-to-run"
delta = "1.0.6 -> 1.0.7"
aggregated-from = "https://chromium.googlesource.com/chromium/src/+/main/third_party/rust/chromium_crates_io/supply-chain/audits.toml?format=TEXT"

[[audits.google.audits.anstyle]]
who = "Lukasz Anforowicz <lukasza@chromium.org>"
criteria = "safe-to-run"
delta = "1.0.7 -> 1.0.8"
notes = "Only Cargo.toml changes in the 1.0.7 => 1.0.8 delta."
aggregated-from = "https://chromium.googlesource.com/chromium/src/+/main/third_party/rust/chromium_crates_io/supply-chain/audits.toml?format=TEXT"

[[audits.google.audits.anstyle]]
who = "Dustin J. Mitchell <djmitche@chromium.org>"
criteria = "safe-to-run"
delta = "1.0.8 -> 1.0.9"
notes = "No changes"
aggregated-from = "https://chromium.googlesource.com/chromium/src/+/main/third_party/rust/chromium_crates_io/supply-chain/audits.toml?format=TEXT"

[[audits.google.audits.anstyle]]
who = "Lukasz Anforowicz <lukasza@chromium.org>"
criteria = "safe-to-run"
delta = "1.0.9 -> 1.0.10"
notes = "Minor changes related to `write_str`."
aggregated-from = "https://chromium.googlesource.com/chromium/src/+/main/third_party/rust/chromium_crates_io/supply-chain/audits.toml?format=TEXT"

[[audits.google.audits.bitflags]]
who = "Lukasz Anforowicz <lukasza@chromium.org>"
criteria = "safe-to-deploy"
version = "1.3.2"
notes = """
Security review of earlier versions of the crate can be found at
(Google-internal, sorry): go/image-crate-chromium-security-review

The crate exposes a function marked as `unsafe`, but doesn't use any
`unsafe` blocks (except for tests of the single `unsafe` function).  I
think this justifies marking this crate as `ub-risk-1`.

Additional review comments can be found at https://crrev.com/c/4723145/31
"""
aggregated-from = "https://chromium.googlesource.com/chromium/src/+/main/third_party/rust/chromium_crates_io/supply-chain/audits.toml?format=TEXT"

[[audits.google.audits.bitflags]]
who = "Lukasz Anforowicz <lukasza@chromium.org>"
criteria = "safe-to-deploy"
delta = "2.6.0 -> 2.8.0"
notes = "No changes related to `unsafe impl ... bytemuck` pieces from `src/external.rs`."
aggregated-from = "https://chromium.googlesource.com/chromium/src/+/main/third_party/rust/chromium_crates_io/supply-chain/audits.toml?format=TEXT"

[[audits.google.audits.bitflags]]
who = "Daniel Cheng <dcheng@chromium.org>"
criteria = "safe-to-deploy"
delta = "2.8.0 -> 2.9.0"
notes = "Adds a straightforward clear() function, but no new unsafe code."
aggregated-from = "https://chromium.googlesource.com/chromium/src/+/main/third_party/rust/chromium_crates_io/supply-chain/audits.toml?format=TEXT"

[[audits.google.audits.cast]]
who = "George Burgess IV <gbiv@google.com>"
criteria = "safe-to-run"
version = "0.3.0"
aggregated-from = "https://chromium.googlesource.com/chromiumos/third_party/rust_crates/+/refs/heads/main/cargo-vet/audits.toml?format=TEXT"

[[audits.google.audits.clap_lex]]
who = "Ying Hsu <yinghsu@chromium.org>"
criteria = "safe-to-run"
version = "0.7.0"
aggregated-from = "https://chromium.googlesource.com/chromiumos/third_party/rust_crates/+/refs/heads/main/cargo-vet/audits.toml?format=TEXT"

[[audits.google.audits.clap_lex]]
who = "Adrian Taylor <adetaylor@chromium.org>"
criteria = "safe-to-run"
delta = "0.7.0 -> 0.7.1"
aggregated-from = "https://chromium.googlesource.com/chromium/src/+/main/third_party/rust/chromium_crates_io/supply-chain/audits.toml?format=TEXT"

[[audits.google.audits.clap_lex]]
who = "Lukasz Anforowicz <lukasza@chromium.org>"
criteria = "safe-to-run"
delta = "0.7.1 -> 0.7.2"
notes = "No `.rs` changes in the delta."
aggregated-from = "https://chromium.googlesource.com/chromium/src/+/main/third_party/rust/chromium_crates_io/supply-chain/audits.toml?format=TEXT"

[[audits.google.audits.getrandom]]
who = "danakj@chromium.org"
criteria = "safe-to-run"
version = "0.2.11"
notes = """
Reviewed in https://crrev.com/c/5171063

Previously reviewed during security review and the audit is grandparented in.
"""
aggregated-from = "https://chromium.googlesource.com/chromium/src/+/main/third_party/rust/chromium_crates_io/supply-chain/audits.toml?format=TEXT"

[[audits.google.audits.itertools]]
who = "ChromeOS"
criteria = "safe-to-run"
version = "0.10.5"
aggregated-from = "https://chromium.googlesource.com/chromiumos/third_party/rust_crates/+/refs/heads/main/cargo-vet/audits.toml?format=TEXT"

[[audits.google.audits.once_cell]]
who = "Ying Hsu <yinghsu@chromium.org>"
criteria = "safe-to-run"
version = "1.19.0"
aggregated-from = "https://chromium.googlesource.com/chromiumos/third_party/rust_crates/+/refs/heads/main/cargo-vet/audits.toml?format=TEXT"

[[audits.google.audits.proc-macro2]]
who = "danakj <danakj@chromium.org>"
criteria = "safe-to-deploy"
delta = "1.0.86 -> 1.0.87"
notes = "No new unsafe interactions."
aggregated-from = "https://chromium.googlesource.com/chromium/src/+/main/third_party/rust/chromium_crates_io/supply-chain/audits.toml?format=TEXT"

[[audits.google.audits.proc-macro2]]
who = "Liza Burakova <liza@chromium.org"
criteria = "safe-to-deploy"
delta = "1.0.87 -> 1.0.89"
notes = """
Biggest change is adding error handling in build.rs.
Some config related changes in wrapper.rs.
"""
aggregated-from = "https://chromium.googlesource.com/chromium/src/+/main/third_party/rust/chromium_crates_io/supply-chain/audits.toml?format=TEXT"

[[audits.google.audits.rand]]
who = "Lukasz Anforowicz <lukasza@chromium.org>"
criteria = "safe-to-deploy"
version = "0.8.5"
notes = """
For more detailed unsafe review notes please see https://crrev.com/c/6362797
"""
aggregated-from = "https://chromium.googlesource.com/chromium/src/+/main/third_party/rust/chromium_crates_io/supply-chain/audits.toml?format=TEXT"

[[audits.google.audits.same-file]]
who = "Android Legacy"
criteria = "safe-to-run"
version = "1.0.6"
aggregated-from = "https://chromium.googlesource.com/chromiumos/third_party/rust_crates/+/refs/heads/main/cargo-vet/audits.toml?format=TEXT"

[[audits.google.audits.shlex]]
who = "Daniel Verkamp <dverkamp@chromium.org>"
criteria = "safe-to-run"
delta = "1.1.0 -> 1.3.0"
aggregated-from = "https://chromium.googlesource.com/chromiumos/third_party/rust_crates/+/refs/heads/main/cargo-vet/audits.toml?format=TEXT"

[[audits.google.audits.tinytemplate]]
who = "Ying Hsu <yinghsu@chromium.org>"
criteria = "safe-to-run"
version = "1.2.1"
aggregated-from = "https://chromium.googlesource.com/chromiumos/third_party/rust_crates/+/refs/heads/main/cargo-vet/audits.toml?format=TEXT"

[[audits.google.audits.version_check]]
who = "George Burgess IV <gbiv@google.com>"
criteria = "safe-to-deploy"
version = "0.9.4"
aggregated-from = "https://chromium.googlesource.com/chromiumos/third_party/rust_crates/+/refs/heads/main/cargo-vet/audits.toml?format=TEXT"

[[audits.google.audits.walkdir]]
who = "Android Legacy"
criteria = "safe-to-run"
version = "2.3.2"
aggregated-from = "https://chromium.googlesource.com/chromiumos/third_party/rust_crates/+/refs/heads/main/cargo-vet/audits.toml?format=TEXT"

[[audits.google.audits.winapi]]
who = "danakj@chromium.org"
criteria = "safe-to-run"
version = "0.3.9"
notes = """
Reviewed in https://crrev.com/c/5171063

Previously reviewed during security review and the audit is grandparented in.
"""
aggregated-from = "https://chromium.googlesource.com/chromium/src/+/main/third_party/rust/chromium_crates_io/supply-chain/audits.toml?format=TEXT"

[audits.isrg.audits]

[[audits.mozilla.audits.autocfg]]
who = "Josh Stone <jistone@redhat.com>"
criteria = "safe-to-deploy"
version = "1.1.0"
notes = "All code written or reviewed by Josh Stone."
aggregated-from = "https://hg.mozilla.org/mozilla-central/raw-file/tip/supply-chain/audits.toml"

[[audits.mozilla.audits.bitflags]]
who = "Alex Franchuk <afranchuk@mozilla.com>"
criteria = "safe-to-deploy"
delta = "1.3.2 -> 2.0.2"
notes = "Removal of some unsafe code/methods. No changes to externals, just some refactoring (mostly internal)."
aggregated-from = "https://hg.mozilla.org/mozilla-central/raw-file/tip/supply-chain/audits.toml"

[[audits.mozilla.audits.bitflags]]
who = "Nicolas Silva <nical@fastmail.com>"
criteria = "safe-to-deploy"
delta = "2.0.2 -> 2.1.0"
aggregated-from = "https://hg.mozilla.org/mozilla-central/raw-file/tip/supply-chain/audits.toml"

[[audits.mozilla.audits.bitflags]]
who = "Teodor Tanasoaia <ttanasoaia@mozilla.com>"
criteria = "safe-to-deploy"
delta = "2.2.1 -> 2.3.2"
aggregated-from = "https://hg.mozilla.org/mozilla-central/raw-file/tip/supply-chain/audits.toml"

[[audits.mozilla.audits.bitflags]]
who = "Mike Hommey <mh+mozilla@glandium.org>"
criteria = "safe-to-deploy"
delta = "2.3.3 -> 2.4.0"
aggregated-from = "https://hg.mozilla.org/mozilla-central/raw-file/tip/supply-chain/audits.toml"

[[audits.mozilla.audits.bitflags]]
who = "Jan-Erik Rediger <jrediger@mozilla.com>"
criteria = "safe-to-deploy"
delta = "2.4.0 -> 2.4.1"
notes = "Only allowing new clippy lints"
aggregated-from = "https://raw.githubusercontent.com/mozilla/glean/main/supply-chain/audits.toml"

[[audits.mozilla.audits.block-buffer]]
who = "Mike Hommey <mh+mozilla@glandium.org>"
criteria = "safe-to-deploy"
delta = "0.10.2 -> 0.10.3"
aggregated-from = "https://hg.mozilla.org/mozilla-central/raw-file/tip/supply-chain/audits.toml"

[[audits.mozilla.audits.crossbeam-epoch]]
who = "Mike Hommey <mh+mozilla@glandium.org>"
criteria = "safe-to-deploy"
delta = "0.9.10 -> 0.9.13"
aggregated-from = "https://hg.mozilla.org/mozilla-central/raw-file/tip/supply-chain/audits.toml"

[[audits.mozilla.audits.crossbeam-epoch]]
who = "Mike Hommey <mh+mozilla@glandium.org>"
criteria = "safe-to-deploy"
delta = "0.9.13 -> 0.9.14"
aggregated-from = "https://hg.mozilla.org/mozilla-central/raw-file/tip/supply-chain/audits.toml"

[[audits.mozilla.audits.crossbeam-utils]]
who = "Mike Hommey <mh+mozilla@glandium.org>"
criteria = "safe-to-deploy"
delta = "0.8.11 -> 0.8.14"
aggregated-from = "https://hg.mozilla.org/mozilla-central/raw-file/tip/supply-chain/audits.toml"

[[audits.mozilla.audits.crossbeam-utils]]
who = "Jan-Erik Rediger <jrediger@mozilla.com>"
criteria = "safe-to-deploy"
delta = "0.8.14 -> 0.8.19"
aggregated-from = "https://raw.githubusercontent.com/mozilla/glean/main/supply-chain/audits.toml"

[[audits.mozilla.audits.crossbeam-utils]]
who = "Alex Franchuk <afranchuk@mozilla.com>"
criteria = "safe-to-deploy"
delta = "0.8.19 -> 0.8.20"
notes = "Minor changes."
aggregated-from = "https://hg.mozilla.org/mozilla-central/raw-file/tip/supply-chain/audits.toml"

[[audits.mozilla.audits.crypto-common]]
who = "Mike Hommey <mh+mozilla@glandium.org>"
criteria = "safe-to-deploy"
delta = "0.1.3 -> 0.1.6"
aggregated-from = "https://hg.mozilla.org/mozilla-central/raw-file/tip/supply-chain/audits.toml"

[[audits.mozilla.audits.digest]]
who = "Mike Hommey <mh+mozilla@glandium.org>"
criteria = "safe-to-deploy"
delta = "0.10.3 -> 0.10.6"
aggregated-from = "https://hg.mozilla.org/mozilla-central/raw-file/tip/supply-chain/audits.toml"

[[audits.mozilla.audits.either]]
who = "Mike Hommey <mh+mozilla@glandium.org>"
criteria = "safe-to-deploy"
delta = "1.6.1 -> 1.7.0"
aggregated-from = "https://hg.mozilla.org/mozilla-central/raw-file/tip/supply-chain/audits.toml"

[[audits.mozilla.audits.either]]
who = "Mike Hommey <mh+mozilla@glandium.org>"
criteria = "safe-to-deploy"
delta = "1.7.0 -> 1.8.0"
aggregated-from = "https://hg.mozilla.org/mozilla-central/raw-file/tip/supply-chain/audits.toml"

[[audits.mozilla.audits.getrandom]]
who = "Yannis Juglaret <yjuglaret@mozilla.com>"
criteria = "safe-to-deploy"
delta = "0.2.8 -> 0.2.9"
aggregated-from = "https://hg.mozilla.org/mozilla-central/raw-file/tip/supply-chain/audits.toml"

[[audits.mozilla.audits.getrandom]]
who = "Chris Martin <cmartin@mozilla.com>"
criteria = "safe-to-deploy"
delta = "0.2.15 -> 0.3.1"
notes = """
I've looked over all unsafe code, and it appears to be safe, fully initializing the rng buffers.
In addition, I've checked Linux, Windows, Mac, and Android more thoroughly against API
documentation.
"""
aggregated-from = "https://hg.mozilla.org/mozilla-central/raw-file/tip/supply-chain/audits.toml"

[[audits.mozilla.audits.half]]
who = "John M. Schanck <jschanck@mozilla.com>"
criteria = "safe-to-deploy"
version = "1.8.2"
notes = """
This crate contains unsafe code for bitwise casts to/from binary16 floating-point
format. I've reviewed these and found no issues. There are no uses of ambient
capabilities.
"""
aggregated-from = "https://hg.mozilla.org/mozilla-central/raw-file/tip/supply-chain/audits.toml"

[[audits.mozilla.audits.hex]]
who = "Simon Friedberger <simon@mozilla.com>"
criteria = "safe-to-deploy"
version = "0.4.3"
aggregated-from = "https://hg.mozilla.org/mozilla-central/raw-file/tip/supply-chain/audits.toml"

[[audits.mozilla.audits.log]]
who = "Mike Hommey <mh+mozilla@glandium.org>"
criteria = "safe-to-deploy"
version = "0.4.17"
aggregated-from = "https://hg.mozilla.org/mozilla-central/raw-file/tip/supply-chain/audits.toml"

[[audits.mozilla.audits.num-integer]]
who = "Josh Stone <jistone@redhat.com>"
criteria = "safe-to-deploy"
version = "0.1.45"
notes = "All code written or reviewed by Josh Stone."
aggregated-from = "https://hg.mozilla.org/mozilla-central/raw-file/tip/supply-chain/audits.toml"

[[audits.mozilla.audits.num-iter]]
who = "Josh Stone <jistone@redhat.com>"
criteria = "safe-to-deploy"
version = "0.1.43"
notes = "All code written or reviewed by Josh Stone."
aggregated-from = "https://hg.mozilla.org/mozilla-central/raw-file/tip/supply-chain/audits.toml"

[[audits.mozilla.audits.num-rational]]
who = "Josh Stone <jistone@redhat.com>"
criteria = "safe-to-deploy"
version = "0.4.1"
notes = "All code written or reviewed by Josh Stone."
aggregated-from = "https://hg.mozilla.org/mozilla-central/raw-file/tip/supply-chain/audits.toml"

[[audits.mozilla.audits.num-traits]]
who = "Josh Stone <jistone@redhat.com>"
criteria = "safe-to-deploy"
version = "0.2.15"
notes = "All code written or reviewed by Josh Stone."
aggregated-from = "https://hg.mozilla.org/mozilla-central/raw-file/tip/supply-chain/audits.toml"

[[audits.mozilla.audits.once_cell]]
who = "Erich Gubler <erichdongubler@gmail.com>"
criteria = "safe-to-deploy"
delta = "1.20.1 -> 1.20.2"
notes = "This update works around a Cargo bug that forces the addition of `portable-atomic` into a lockfile, which we have never needed to use."
aggregated-from = "https://hg.mozilla.org/mozilla-central/raw-file/tip/supply-chain/audits.toml"

[[audits.mozilla.audits.once_cell]]
who = "Erich Gubler <erichdongubler@gmail.com>"
criteria = "safe-to-deploy"
delta = "1.20.2 -> 1.20.3"
aggregated-from = "https://hg.mozilla.org/mozilla-central/raw-file/tip/supply-chain/audits.toml"

[[audits.mozilla.audits.rand_core]]
who = "Mike Hommey <mh+mozilla@glandium.org>"
criteria = "safe-to-deploy"
delta = "0.6.3 -> 0.6.4"
aggregated-from = "https://hg.mozilla.org/mozilla-central/raw-file/tip/supply-chain/audits.toml"

[[audits.mozilla.audits.rand_distr]]
who = "Ben Dean-Kawamura <bdk@mozilla.com>"
criteria = "safe-to-deploy"
version = "0.4.3"
notes = """
Simple crate that extends `rand`.  It has little unsafe code and uses Miri to test it.
As far as I can tell, it does not have any file IO or network access.
"""
aggregated-from = "https://hg.mozilla.org/mozilla-central/raw-file/tip/supply-chain/audits.toml"

[[audits.mozilla.audits.rayon]]
who = "Josh Stone <jistone@redhat.com>"
criteria = "safe-to-deploy"
version = "1.5.3"
notes = "All code written or reviewed by Josh Stone or Niko Matsakis."
aggregated-from = "https://hg.mozilla.org/mozilla-central/raw-file/tip/supply-chain/audits.toml"

[[audits.mozilla.audits.rayon]]
who = "Mike Hommey <mh+mozilla@glandium.org>"
criteria = "safe-to-deploy"
delta = "1.5.3 -> 1.6.1"
aggregated-from = "https://hg.mozilla.org/mozilla-central/raw-file/tip/supply-chain/audits.toml"

[[audits.mozilla.audits.sha2]]
who = "Mike Hommey <mh+mozilla@glandium.org>"
criteria = "safe-to-deploy"
delta = "0.10.2 -> 0.10.6"
aggregated-from = "https://hg.mozilla.org/mozilla-central/raw-file/tip/supply-chain/audits.toml"

[[audits.mozilla.audits.sha2]]
who = "Jeff Muizelaar <jmuizelaar@mozilla.com>"
criteria = "safe-to-deploy"
delta = "0.10.6 -> 0.10.8"
notes = """
The bulk of this is https://github.com/RustCrypto/hashes/pull/490 which adds aarch64 support along with another PR adding longson.
I didn't check the implementation thoroughly but there wasn't anything obviously nefarious. 0.10.8 has been out for more than a year
which suggests no one else has found anything either.
"""
aggregated-from = "https://hg.mozilla.org/mozilla-central/raw-file/tip/supply-chain/audits.toml"

[[audits.mozilla.audits.subtle]]
who = "Simon Friedberger <simon@mozilla.com>"
criteria = "safe-to-deploy"
version = "2.5.0"
notes = "The goal is to provide some constant-time correctness for cryptographic implementations. The approach is reasonable, it is known to be insufficient but this is pointed out in the documentation."
aggregated-from = "https://hg.mozilla.org/mozilla-central/raw-file/tip/supply-chain/audits.toml"

[[audits.zcash.audits.clap_lex]]
who = "Jack Grigg <jack@electriccoin.co>"
criteria = "safe-to-deploy"
delta = "0.7.2 -> 0.7.4"
aggregated-from = "https://raw.githubusercontent.com/zcash/wallet/main/supply-chain/audits.toml"

[[audits.zcash.audits.crossbeam-deque]]
who = "Jack Grigg <jack@electriccoin.co>"
criteria = "safe-to-deploy"
delta = "0.8.2 -> 0.8.3"
notes = "No new code."
aggregated-from = "https://raw.githubusercontent.com/zcash/zcash/master/qa/supply-chain/audits.toml"

[[audits.zcash.audits.crossbeam-deque]]
who = "Jack Grigg <jack@electriccoin.co>"
criteria = "safe-to-deploy"
delta = "0.8.3 -> 0.8.4"
aggregated-from = "https://raw.githubusercontent.com/zcash/zcash/master/qa/supply-chain/audits.toml"

[[audits.zcash.audits.crossbeam-deque]]
who = "Daira-Emma Hopwood <daira@jacaranda.org>"
criteria = "safe-to-deploy"
delta = "0.8.4 -> 0.8.5"
notes = "Changes to `unsafe` code look okay."
aggregated-from = "https://raw.githubusercontent.com/zcash/zcash/master/qa/supply-chain/audits.toml"

[[audits.zcash.audits.crossbeam-epoch]]
who = "Jack Grigg <jack@electriccoin.co>"
criteria = "safe-to-deploy"
delta = "0.9.14 -> 0.9.15"
notes = "Bumps memoffset to 0.9, and unmarks some ARMv7r and Sony Vita targets as not having 64-bit atomics."
aggregated-from = "https://raw.githubusercontent.com/zcash/zcash/master/qa/supply-chain/audits.toml"

[[audits.zcash.audits.inout]]
who = "Daira Hopwood <daira@jacaranda.org>"
criteria = "safe-to-deploy"
version = "0.1.3"
notes = "Reviewed in full."
aggregated-from = "https://raw.githubusercontent.com/zcash/zcash/master/qa/supply-chain/audits.toml"

[[audits.zcash.audits.memchr]]
who = "Jack Grigg <jack@electriccoin.co>"
criteria = "safe-to-deploy"
delta = "2.7.2 -> 2.7.4"
aggregated-from = "https://raw.githubusercontent.com/zcash/librustzcash/main/supply-chain/audits.toml"

[[audits.zcash.audits.unicode-ident]]
who = "Daira Hopwood <daira@jacaranda.org>"
criteria = "safe-to-deploy"
version = "1.0.2"
aggregated-from = "https://raw.githubusercontent.com/zcash/zcash/master/qa/supply-chain/audits.toml"
